
Microsoft Visual Studio Solution File, Format Version 12.00
# Visual Studio Version 16
VisualStudioVersion = 16.0.30413.136
MinimumVisualStudioVersion = 10.0.40219.1
Project("{9A19103F-16F7-4668-BE54-9A1E7A4F7556}") = "CandiateTesting.JeffersonBompadre.CDNConvert", "CandiateTesting.JeffersonBompadre.CDNConvert\CandiateTesting.JeffersonBompadre.CDNConvert.csproj", "{25A7D8C6-128B-40CA-B2B8-FEDAB9348CCE}"
EndProject
Project("{2150E333-8FDC-42A3-9474-1A3956D46DE8}") = "Documentation", "Documentation", "{F2026E01-6C19-45A9-9D8E-BF727F2E5B6B}"
	ProjectSection(SolutionItems) = preProject
		Documentation\Backend_-_Dev_Technical_Test.pdf = Documentation\Backend_-_Dev_Technical_Test.pdf
	EndProjectSection
EndProject
Global
	GlobalSection(SolutionConfigurationPlatforms) = preSolution
		Debug|Any CPU = Debug|Any CPU
		Release|Any CPU = Release|Any CPU
	EndGlobalSection
	GlobalSection(ProjectConfigurationPlatforms) = postSolution
		{25A7D8C6-128B-40CA-B2B8-FEDAB9348CCE}.Debug|Any CPU.ActiveCfg = Debug|Any CPU
		{25A7D8C6-128B-40CA-B2B8-FEDAB9348CCE}.Debug|Any CPU.Build.0 = Debug|Any CPU
		{25A7D8C6-128B-40CA-B2B8-FEDAB9348CCE}.Release|Any CPU.ActiveCfg = Release|Any CPU
		{25A7D8C6-128B-40CA-B2B8-FEDAB9348CCE}.Release|Any CPU.Build.0 = Release|Any CPU
	EndGlobalSection
	GlobalSection(SolutionProperties) = preSolution
		HideSolutionNode = FALSE
	EndGlobalSection
	GlobalSection(ExtensibilityGlobals) = postSolution
		SolutionGuid = {C6C0487E-C3F8-4CB0-A93B-0A7D58B2737A}
	EndGlobalSection
EndGlobal
